
Microsoft Visual Studio Solution File, Format Version 12.00
# Visual Studio Version 17
VisualStudioVersion = 17.14.36603.0
MinimumVisualStudioVersion = 10.0.40219.1
Project("{FAE04EC0-301F-11D3-BF4B-00C04F79EFBC}") = "Library_Manager.API", "Library_Manager.API.csproj", "{05E68FB3-D14A-41B7-B990-A0D365FBE568}"
EndProject
Project("{FAE04EC0-301F-11D3-BF4B-00C04F79EFBC}") = "Library_Manager.Application", "..\Library_Manager.Application\Library_Manager.Application.csproj", "{D095348A-BAC2-4777-02B7-D237854F6F5F}"
EndProject
Project("{FAE04EC0-301F-11D3-BF4B-00C04F79EFBC}") = "Library_Manager.Domain", "..\Library_Manager.Domain\Library_Manager.Domain.csproj", "{3DB09916-E29E-C7CF-9ED3-3F4F89AD75B0}"
EndProject
Project("{FAE04EC0-301F-11D3-BF4B-00C04F79EFBC}") = "Library_Manager.Infrastructure", "..\Library_Manager.Infrastructure\Library_Manager.Infrastructure.csproj", "{986D717F-7311-4F29-7D2A-5B27C8AC0399}"
EndProject
Project("{FAE04EC0-301F-11D3-BF4B-00C04F79EFBC}") = "XUnit.Test", "..\XUnit.Test\XUnit.Test.csproj", "{D5F7AE35-E6EA-4ABC-BA29-FBD193552ECC}"
EndProject
Global
	GlobalSection(SolutionConfigurationPlatforms) = preSolution
		Debug|Any CPU = Debug|Any CPU
		Release|Any CPU = Release|Any CPU
	EndGlobalSection
	GlobalSection(ProjectConfigurationPlatforms) = postSolution
		{05E68FB3-D14A-41B7-B990-A0D365FBE568}.Debug|Any CPU.ActiveCfg = Debug|Any CPU
		{05E68FB3-D14A-41B7-B990-A0D365FBE568}.Debug|Any CPU.Build.0 = Debug|Any CPU
		{05E68FB3-D14A-41B7-B990-A0D365FBE568}.Release|Any CPU.ActiveCfg = Release|Any CPU
		{05E68FB3-D14A-41B7-B990-A0D365FBE568}.Release|Any CPU.Build.0 = Release|Any CPU
		{D095348A-BAC2-4777-02B7-D237854F6F5F}.Debug|Any CPU.ActiveCfg = Debug|Any CPU
		{D095348A-BAC2-4777-02B7-D237854F6F5F}.Debug|Any CPU.Build.0 = Debug|Any CPU
		{D095348A-BAC2-4777-02B7-D237854F6F5F}.Release|Any CPU.ActiveCfg = Release|Any CPU
		{D095348A-BAC2-4777-02B7-D237854F6F5F}.Release|Any CPU.Build.0 = Release|Any CPU
		{3DB09916-E29E-C7CF-9ED3-3F4F89AD75B0}.Debug|Any CPU.ActiveCfg = Debug|Any CPU
		{3DB09916-E29E-C7CF-9ED3-3F4F89AD75B0}.Debug|Any CPU.Build.0 = Debug|Any CPU
		{3DB09916-E29E-C7CF-9ED3-3F4F89AD75B0}.Release|Any CPU.ActiveCfg = Release|Any CPU
		{3DB09916-E29E-C7CF-9ED3-3F4F89AD75B0}.Release|Any CPU.Build.0 = Release|Any CPU
		{986D717F-7311-4F29-7D2A-5B27C8AC0399}.Debug|Any CPU.ActiveCfg = Debug|Any CPU
		{986D717F-7311-4F29-7D2A-5B27C8AC0399}.Debug|Any CPU.Build.0 = Debug|Any CPU
		{986D717F-7311-4F29-7D2A-5B27C8AC0399}.Release|Any CPU.ActiveCfg = Release|Any CPU
		{986D717F-7311-4F29-7D2A-5B27C8AC0399}.Release|Any CPU.Build.0 = Release|Any CPU
		{D5F7AE35-E6EA-4ABC-BA29-FBD193552ECC}.Debug|Any CPU.ActiveCfg = Debug|Any CPU
		{D5F7AE35-E6EA-4ABC-BA29-FBD193552ECC}.Debug|Any CPU.Build.0 = Debug|Any CPU
		{D5F7AE35-E6EA-4ABC-BA29-FBD193552ECC}.Release|Any CPU.ActiveCfg = Release|Any CPU
		{D5F7AE35-E6EA-4ABC-BA29-FBD193552ECC}.Release|Any CPU.Build.0 = Release|Any CPU
	EndGlobalSection
	GlobalSection(SolutionProperties) = preSolution
		HideSolutionNode = FALSE
	EndGlobalSection
	GlobalSection(ExtensibilityGlobals) = postSolution
		SolutionGuid = {82FA6B33-71E1-44B6-9D1E-A62A4F99E8A8}
	EndGlobalSection
EndGlobal
